# THIS IS AN AUTOGENERATED FILE. DO NOT EDIT THIS FILE DIRECTLY.
# yarn lockfile v1


devicon@^2.15.1:
  version "2.15.1"
  resolved "https://registry.yarnpkg.com/devicon/-/devicon-2.15.1.tgz#148b791886f3d085f0f0b9aba72da71b2070dc56"
  integrity sha512-iyapbDVaq1PgMSMZ4IekgjH230aSUU4kHmZ142lQ2TJ+9HB4P4V78eNDkyaQEEoi0KJhxIGPcTSFqxHaZ4OMyw==
